Microsoft Visual Studio Solution File, Format Version 12.00
# Visual Studio Version 17
VisualStudioVersion = 17.5.2.0
MinimumVisualStudioVersion = 10.0.40219.1
Project("{FAE04EC0-301F-11D3-BF4B-00C04F79EFBC}") = "UbosProvisioner", "UbosProvisioner\UbosProvisioner.csproj", "{78EA459B-8185-979D-1BBB-42B2A7F8BCB8}"
EndProject
Global
	GlobalSection(SolutionConfigurationPlatforms) = preSolution
		Debug|Any CPU = Debug|Any CPU
		Release|Any CPU = Release|Any CPU
	EndGlobalSection
	GlobalSection(ProjectConfigurationPlatforms) = postSolution
		{78EA459B-8185-979D-1BBB-42B2A7F8BCB8}.Debug|Any CPU.ActiveCfg = Debug|Any CPU
		{78EA459B-8185-979D-1BBB-42B2A7F8BCB8}.Debug|Any CPU.Build.0 = Debug|Any CPU
		{78EA459B-8185-979D-1BBB-42B2A7F8BCB8}.Release|Any CPU.ActiveCfg = Release|Any CPU
		{78EA459B-8185-979D-1BBB-42B2A7F8BCB8}.Release|Any CPU.Build.0 = Release|Any CPU
	EndGlobalSection
	GlobalSection(SolutionProperties) = preSolution
		HideSolutionNode = FALSE
	EndGlobalSection
	GlobalSection(ExtensibilityGlobals) = postSolution
		SolutionGuid = {741AD14B-5F19-41B4-AD73-493873FEB966}
	EndGlobalSection
EndGlobal
